// !$*UTF8*$!
{
	archiveVersion = 1;
	classes = {
	};
	objectVersion = 46;
	objects = {

/* Begin PBXBuildFile section */
		91085F0D1FC26CE0005EB68D /* YDAssistiveTouch.m in Sources */ = {isa = PBXBuildFile; fileRef = 91085F0B1FC26CE0005EB68D /* YDAssistiveTouch.m */; };
		91085F151FC26F96005EB68D /* tool_bg_left@3x.png in Resources */ = {isa = PBXBuildFile; fileRef = 91085F0F1FC26F96005EB68D /* tool_bg_left@3x.png */; };
		91085F161FC26F96005EB68D /* float_window@2x.png in Resources */ = {isa = PBXBuildFile; fileRef = 91085F101FC26F96005EB68D /* float_window@2x.png */; };
		91085F171FC26F96005EB68D /* tool_bg_right@3x.png in Resources */ = {isa = PBXBuildFile; fileRef = 91085F111FC26F96005EB68D /* tool_bg_right@3x.png */; };
		91085F181FC26F96005EB68D /* tool_bg_right@2x.png in Resources */ = {isa = PBXBuildFile; fileRef = 91085F121FC26F96005EB68D /* tool_bg_right@2x.png */; };
		91085F191FC26F96005EB68D /* tool_bg_left@2x.png in Resources */ = {isa = PBXBuildFile; fileRef = 91085F131FC26F96005EB68D /* tool_bg_left@2x.png */; };
		91085F1A1FC26F96005EB68D /* float_window@3x.png in Resources */ = {isa = PBXBuildFile; fileRef = 91085F141FC26F96005EB68D /* float_window@3x.png */; };
		91DBF59A1EA495DC00791B87 /* main.m in Sources */ = {isa = PBXBuildFile; fileRef = 91DBF5991EA495DC00791B87 /* main.m */; };
		91DBF59D1EA495DC00791B87 /* AppDelegate.m in Sources */ = {isa = PBXBuildFile; fileRef = 91DBF59C1EA495DC00791B87 /* AppDelegate.m */; };
		91DBF5AB1EA495DC00791B87 /* Assets.xcassets in Resources */ = {isa = PBXBuildFile; fileRef = 91DBF5AA1EA495DC00791B87 /* Assets.xcassets */; };
		91DBF5AE1EA495DC00791B87 /* LaunchScreen.storyboard in Resources */ = {isa = PBXBuildFile; fileRef = 91DBF5AC1EA495DC00791B87 /* LaunchScreen.storyboard */; };
/* End PBXBuildFile section */

/* Begin PBXFileReference section */
		91085F0B1FC26CE0005EB68D /* YDAssistiveTouch.m */ = {isa = PBXFileReference; fileEncoding = 4; lastKnownFileType = sourcecode.c.objc; path = YDAssistiveTouch.m; sourceTree = "<group>"; };
		91085F0C1FC26CE0005EB68D /* YDAssistiveTouch.h */ = {isa = PBXFileReference; fileEncoding = 4; lastKnownFileType = sourcecode.c.h; path = YDAssistiveTouch.h; sourceTree = "<group>"; };
		91085F0F1FC26F96005EB68D /* tool_bg_left@3x.png */ = {isa = PBXFileReference; lastKnownFileType = image.png; path = "tool_bg_left@3x.png"; sourceTree = "<group>"; };
		91085F101FC26F96005EB68D /* float_window@2x.png */ = {isa = PBXFileReference; lastKnownFileType = image.png; path = "float_window@2x.png"; sourceTree = "<group>"; };
		91085F111FC26F96005EB68D /* tool_bg_right@3x.png */ = {isa = PBXFileReference; lastKnownFileType = image.png; path = "tool_bg_right@3x.png"; sourceTree = "<group>"; };
		91085F121FC26F96005EB68D /* tool_bg_right@2x.png */ = {isa = PBXFileReference; lastKnownFileType = image.png; path = "tool_bg_right@2x.png"; sourceTree = "<group>"; };
		91085F131FC26F96005EB68D /* tool_bg_left@2x.png */ = {isa = PBXFileReference; lastKnownFileType = image.png; path = "tool_bg_left@2x.png"; sourceTree = "<group>"; };
		91085F141FC26F96005EB68D /* float_window@3x.png */ = {isa = PBXFileReference; lastKnownFileType = image.png; path = "float_window@3x.png"; sourceTree = "<group>"; };
		91DBF5951EA495DC00791B87 /* WindowDemo.app */ = {isa = PBXFileReference; explicitFileType = wrapper.application; includeInIndex = 0; path = WindowDemo.app; sourceTree = BUILT_PRODUCTS_DIR; };
		91DBF5991EA495DC00791B87 /* main.m */ = {isa = PBXFileReference; lastKnownFileType = sourcecode.c.objc; path = main.m; sourceTree = "<group>"; };
		91DBF59B1EA495DC00791B87 /* AppDelegate.h */ = {isa = PBXFileReference; lastKnownFileType = sourcecode.c.h; path = AppDelegate.h; sourceTree = "<group>"; };
		91DBF59C1EA495DC00791B87 /* AppDelegate.m */ = {isa = PBXFileReference; lastKnownFileType = sourcecode.c.objc; path = AppDelegate.m; sourceTree = "<group>"; };
		91DBF5AA1EA495DC00791B87 /* Assets.xcassets */ = {isa = PBXFileReference; lastKnownFileType = folder.assetcatalog; path = Assets.xcassets; sourceTree = "<group>"; };
		91DBF5AD1EA495DC00791B87 /* Base */ = {isa = PBXFileReference; lastKnownFileType = file.storyboard; name = Base; path = Base.lproj/LaunchScreen.storyboard; sourceTree = "<group>"; };
		91DBF5AF1EA495DC00791B87 /* Info.plist */ = {isa = PBXFileReference; lastKnownFileType = text.plist.xml; path = Info.plist; sourceTree = "<group>"; };
/* End PBXFileReference section */

/* Begin PBXFrameworksBuildPhase section */
		91DBF5921EA495DC00791B87 /* Frameworks */ = {
			isa = PBXFrameworksBuildPhase;
			buildActionMask = 2147483647;
			files = (
			);
			runOnlyForDeploymentPostprocessing = 0;
		};
/* End PBXFrameworksBuildPhase section */

/* Begin PBXGroup section */
		91085F0E1FC26F85005EB68D /* res */ = {
			isa = PBXGroup;
			children = (
				91085F101FC26F96005EB68D /* float_window@2x.png */,
				91085F141FC26F96005EB68D /* float_window@3x.png */,
				91085F131FC26F96005EB68D /* tool_bg_left@2x.png */,
				91085F0F1FC26F96005EB68D /* tool_bg_left@3x.png */,
				91085F121FC26F96005EB68D /* tool_bg_right@2x.png */,
				91085F111FC26F96005EB68D /* tool_bg_right@3x.png */,
			);
			name = res;
			sourceTree = "<group>";
		};
		91DBF58A1EA495A700791B87 = {
			isa = PBXGroup;
			children = (
				91DBF5971EA495DC00791B87 /* WindowDemo */,
				91DBF5961EA495DC00791B87 /* Products */,
			);
			sourceTree = "<group>";
		};
		91DBF5961EA495DC00791B87 /* Products */ = {
			isa = PBXGroup;
			children = (
				91DBF5951EA495DC00791B87 /* WindowDemo.app */,
			);
			name = Products;
			sourceTree = "<group>";
		};
		91DBF5971EA495DC00791B87 /* WindowDemo */ = {
			isa = PBXGroup;
			children = (
				91085F0E1FC26F85005EB68D /* res */,
				91085F0C1FC26CE0005EB68D /* YDAssistiveTouch.h */,
				91085F0B1FC26CE0005EB68D /* YDAssistiveTouch.m */,
				91DBF59B1EA495DC00791B87 /* AppDelegate.h */,
				91DBF59C1EA495DC00791B87 /* AppDelegate.m */,
				91DBF5AA1EA495DC00791B87 /* Assets.xcassets */,
				91DBF5AC1EA495DC00791B87 /* LaunchScreen.storyboard */,
				91DBF5AF1EA495DC00791B87 /* Info.plist */,
				91DBF5981EA495DC00791B87 /* Supporting Files */,
			);
			path = WindowDemo;
			sourceTree = "<group>";
		};
		91DBF5981EA495DC00791B87 /* Supporting Files */ = {
			isa = PBXGroup;
			children = (
				91DBF5991EA495DC00791B87 /* main.m */,
			);
			name = "Supporting Files";
			sourceTree = "<group>";
		};
/* End PBXGroup section */

/* Begin PBXNativeTarget section */
		91DBF5941EA495DC00791B87 /* WindowDemo */ = {
			isa = PBXNativeTarget;
			buildConfigurationList = 91DBF5B01EA495DC00791B87 /* Build configuration list for PBXNativeTarget "WindowDemo" */;
			buildPhases = (
				91DBF5911EA495DC00791B87 /* Sources */,
				91DBF5921EA495DC00791B87 /* Frameworks */,
				91DBF5931EA495DC00791B87 /* Resources */,
			);
			buildRules = (
			);
			dependencies = (
			);
			name = WindowDemo;
			productName = WindowDemo;
			productReference = 91DBF5951EA495DC00791B87 /* WindowDemo.app */;
			productType = "com.apple.product-type.application";
		};
/* End PBXNativeTarget section */

/* Begin PBXProject section */
		91DBF58B1EA495A700791B87 /* Project object */ = {
			isa = PBXProject;
			attributes = {
				LastUpgradeCheck = 0830;
				TargetAttributes = {
					91DBF5941EA495DC00791B87 = {
						CreatedOnToolsVersion = 8.3;
						DevelopmentTeam = JH934ZR2EA;
						ProvisioningStyle = Automatic;
					};
				};
			};
			buildConfigurationList = 91DBF58E1EA495A700791B87 /* Build configuration list for PBXProject "WindowDemo" */;
			compatibilityVersion = "Xcode 3.2";
			developmentRegion = English;
			hasScannedForEncodings = 0;
			knownRegions = (
				en,
				Base,
			);
			mainGroup = 91DBF58A1EA495A700791B87;
			productRefGroup = 91DBF5961EA495DC00791B87 /* Products */;
			projectDirPath = "";
			projectRoot = "";
			targets = (
				91DBF5941EA495DC00791B87 /* WindowDemo */,
			);
		};
/* End PBXProject section */

/* Begin PBXResourcesBuildPhase section */
		91DBF5931EA495DC00791B87 /* Resources */ = {
			isa = PBXResourcesBuildPhase;
			buildActionMask = 2147483647;
			files = (
				91085F181FC26F96005EB68D /* tool_bg_right@2x.png in Resources */,
				91DBF5AE1EA495DC00791B87 /* LaunchScreen.storyboard in Resources */,
				91085F161FC26F96005EB68D /* float_window@2x.png in Resources */,
				91085F191FC26F96005EB68D /* tool_bg_left@2x.png in Resources */,
				91085F171FC26F96005EB68D /* tool_bg_right@3x.png in Resources */,
				91085F151FC26F96005EB68D /* tool_bg_left@3x.png in Resources */,
				91085F1A1FC26F96005EB68D /* float_window@3x.png in Resources */,
				91DBF5AB1EA495DC00791B87 /* Assets.xcassets in Resources */,
			);
			runOnlyForDeploymentPostprocessing = 0;
		};
/* End PBXResourcesBuildPhase section */

/* Begin PBXSourcesBuildPhase section */
		91DBF5911EA495DC00791B87 /* Sources */ = {
			isa = PBXSourcesBuildPhase;
			buildActionMask = 2147483647;
			files = (
				91DBF59D1EA495DC00791B87 /* AppDelegate.m in Sources */,
				91DBF59A1EA495DC00791B87 /* main.m in Sources */,
				91085F0D1FC26CE0005EB68D /* YDAssistiveTouch.m in Sources */,
			);
			runOnlyForDeploymentPostprocessing = 0;
		};
/* End PBXSourcesBuildPhase section */

/* Begin PBXVariantGroup section */
		91DBF5AC1EA495DC00791B87 /* LaunchScreen.storyboard */ = {
			isa = PBXVariantGroup;
			children = (
				91DBF5AD1EA495DC00791B87 /* Base */,
			);
			name = LaunchScreen.storyboard;
			sourceTree = "<group>";
		};
/* End PBXVariantGroup section */

/* Begin XCBuildConfiguration section */
		91DBF58F1EA495A700791B87 /* Debug */ = {
			isa = XCBuildConfiguration;
			buildSettings = {
			};
			name = Debug;
		};
		91DBF5901EA495A700791B87 /* Release */ = {
			isa = XCBuildConfiguration;
			buildSettings = {
			};
			name = Release;
		};
		91DBF5B11EA495DC00791B87 /* Debug */ = {
			isa = XCBuildConfiguration;
			buildSettings = {
				ALWAYS_SEARCH_USER_PATHS = NO;
				ASSETCATALOG_COMPILER_APPICON_NAME = AppIcon;
				CLANG_ANALYZER_NONNULL = YES;
				CLANG_ANALYZER_NUMBER_OBJECT_CONVERSION = YES_AGGRESSIVE;
				CLANG_CXX_LANGUAGE_STANDARD = "gnu++0x";
				CLANG_CXX_LIBRARY = "libc++";
				CLANG_ENABLE_MODULES = YES;
				CLANG_ENABLE_OBJC_ARC = YES;
				CLANG_WARN_BOOL_CONVERSION = YES;
				CLANG_WARN_CONSTANT_CONVERSION = YES;
				CLANG_WARN_DIRECT_OBJC_ISA_USAGE = YES_ERROR;
				CLANG_WARN_DOCUMENTATION_COMMENTS = YES;
				CLANG_WARN_EMPTY_BODY = YES;
				CLANG_WARN_ENUM_CONVERSION = YES;
				CLANG_WARN_INFINITE_RECURSION = YES;
				CLANG_WARN_INT_CONVERSION = YES;
				CLANG_WARN_OBJC_ROOT_CLASS = YES_ERROR;
				CLANG_WARN_SUSPICIOUS_MOVE = YES;
				CLANG_WARN_UNREACHABLE_CODE = YES;
				CLANG_WARN__DUPLICATE_METHOD_MATCH = YES;
				"CODE_SIGN_IDENTITY[sdk=iphoneos*]" = "iPhone Developer";
				COPY_PHASE_STRIP = NO;
				DEBUG_INFORMATION_FORMAT = dwarf;
				DEVELOPMENT_TEAM = JH934ZR2EA;
				ENABLE_STRICT_OBJC_MSGSEND = YES;
				ENABLE_TESTABILITY = YES;
				GCC_C_LANGUAGE_STANDARD = gnu99;
				GCC_DYNAMIC_NO_PIC = NO;
				GCC_NO_COMMON_BLOCKS = YES;
				GCC_OPTIMIZATION_LEVEL = 0;
				GCC_PREPROCESSOR_DEFINITIONS = (
					"DEBUG=1",
					"$(inherited)",
				);
				GCC_WARN_64_TO_32_BIT_CONVERSION = YES;
				GCC_WARN_ABOUT_RETURN_TYPE = YES_ERROR;
				GCC_WARN_UNDECLARED_SELECTOR = YES;
				GCC_WARN_UNINITIALIZED_AUTOS = YES_AGGRESSIVE;
				GCC_WARN_UNUSED_FUNCTION = YES;
				GCC_WARN_UNUSED_VARIABLE = YES;
				INFOPLIST_FILE = WindowDemo/Info.plist;
				IPHONEOS_DEPLOYMENT_TARGET = 8.0;
				LD_RUNPATH_SEARCH_PATHS = "$(inherited) @executable_path/Frameworks";
				MTL_ENABLE_DEBUG_INFO = YES;
				ONLY_ACTIVE_ARCH = YES;
				PRODUCT_BUNDLE_IDENTIFIER = com.xqwang.WindowDemo;
				PRODUCT_NAME = "$(TARGET_NAME)";
				SDKROOT = iphoneos;
				TARGETED_DEVICE_FAMILY = "1,2";
			};
			name = Debug;
		};
		91DBF5B21EA495DC00791B87 /* Release */ = {
			isa = XCBuildConfiguration;
			buildSettings = {
				ALWAYS_SEARCH_USER_PATHS = NO;
				ASSETCATALOG_COMPILER_APPICON_NAME = AppIcon;
				CLANG_ANALYZER_NONNULL = YES;
				CLANG_ANALYZER_NUMBER_OBJECT_CONVERSION = YES_AGGRESSIVE;
				CLANG_CXX_LANGUAGE_STANDARD = "gnu++0x";
				CLANG_CXX_LIBRARY = "libc++";
				CLANG_ENABLE_MODULES = YES;
				CLANG_ENABLE_OBJC_ARC = YES;
				CLANG_WARN_BOOL_CONVERSION = YES;
				CLANG_WARN_CONSTANT_CONVERSION = YES;
				CLANG_WARN_DIRECT_OBJC_ISA_USAGE = YES_ERROR;
				CLANG_WARN_DOCUMENTATION_COMMENTS = YES;
				CLANG_WARN_EMPTY_BODY = YES;
				CLANG_WARN_ENUM_CONVERSION = YES;
				CLANG_WARN_INFINITE_RECURSION = YES;
				CLANG_WARN_INT_CONVERSION = YES;
				CLANG_WARN_OBJC_ROOT_CLASS = YES_ERROR;
				CLANG_WARN_SUSPICIOUS_MOVE = YES;
				CLANG_WARN_UNREACHABLE_CODE = YES;
				CLANG_WARN__DUPLICATE_METHOD_MATCH = YES;
				"CODE_SIGN_IDENTITY[sdk=iphoneos*]" = "iPhone Developer";
				COPY_PHASE_STRIP = NO;
				DEBUG_INFORMATION_FORMAT = "dwarf-with-dsym";
				DEVELOPMENT_TEAM = JH934ZR2EA;
				ENABLE_NS_ASSERTIONS = NO;
				ENABLE_STRICT_OBJC_MSGSEND = YES;
				GCC_C_LANGUAGE_STANDARD = gnu99;
				GCC_NO_COMMON_BLOCKS = YES;
				GCC_WARN_64_TO_32_BIT_CONVERSION = YES;
				GCC_WARN_ABOUT_RETURN_TYPE = YES_ERROR;
				GCC_WARN_UNDECLARED_SELECTOR = YES;
				GCC_WARN_UNINITIALIZED_AUTOS = YES_AGGRESSIVE;
				GCC_WARN_UNUSED_FUNCTION = YES;
				GCC_WARN_UNUSED_VARIABLE = YES;
				INFOPLIST_FILE = WindowDemo/Info.plist;
				IPHONEOS_DEPLOYMENT_TARGET = 8.0;
				LD_RUNPATH_SEARCH_PATHS = "$(inherited) @executable_path/Frameworks";
				MTL_ENABLE_DEBUG_INFO = NO;
				PRODUCT_BUNDLE_IDENTIFIER = com.xqwang.WindowDemo;
				PRODUCT_NAME = "$(TARGET_NAME)";
				SDKROOT = iphoneos;
				TARGETED_DEVICE_FAMILY = "1,2";
				VALIDATE_PRODUCT = YES;
			};
			name = Release;
		};
/* End XCBuildConfiguration section */

/* Begin XCConfigurationList section */
		91DBF58E1EA495A700791B87 /* Build configuration list for PBXProject "WindowDemo" */ = {
			isa = XCConfigurationList;
			buildConfigurations = (
				91DBF58F1EA495A700791B87 /* Debug */,
				91DBF5901EA495A700791B87 /* Release */,
			);
			defaultConfigurationIsVisible = 0;
			defaultConfigurationName = Release;
		};
		91DBF5B01EA495DC00791B87 /* Build configuration list for PBXNativeTarget "WindowDemo" */ = {
			isa = XCConfigurationList;
			buildConfigurations = (
				91DBF5B11EA495DC00791B87 /* Debug */,
				91DBF5B21EA495DC00791B87 /* Release */,
			);
			defaultConfigurationIsVisible = 0;
			defaultConfigurationName = Release;
		};
/* End XCConfigurationList section */
	};
	rootObject = 91DBF58B1EA495A700791B87 /* Project object */;
}
